
Microsoft Visual Studio Solution File, Format Version 12.00
# Visual Studio Version 17
VisualStudioVersion = 17.5.33627.172
MinimumVisualStudioVersion = 10.0.40219.1
Project("{FAE04EC0-301F-11D3-BF4B-00C04F79EFBC}") = "Presentacion", "WindowsFormsApp1\Presentacion.csproj", "{6F995F59-A346-4B8F-AF8D-EE9F42A5A36E}"
EndProject
Project("{FAE04EC0-301F-11D3-BF4B-00C04F79EFBC}") = "Datos", "Datos\Datos.csproj", "{8BE46434-6F97-4C08-BEEA-16BCAE02DFBB}"
EndProject
Project("{FAE04EC0-301F-11D3-BF4B-00C04F79EFBC}") = "Logica", "Logica\Logica.csproj", "{4EBDD8ED-2D87-4E1A-8394-9B1D5FFC517E}"
EndProject
Global
	GlobalSection(SolutionConfigurationPlatforms) = preSolution
		Debug|Any CPU = Debug|Any CPU
		Release|Any CPU = Release|Any CPU
	EndGlobalSection
	GlobalSection(ProjectConfigurationPlatforms) = postSolution
		{6F995F59-A346-4B8F-AF8D-EE9F42A5A36E}.Debug|Any CPU.ActiveCfg = Debug|Any CPU
		{6F995F59-A346-4B8F-AF8D-EE9F42A5A36E}.Debug|Any CPU.Build.0 = Debug|Any CPU
		{6F995F59-A346-4B8F-AF8D-EE9F42A5A36E}.Release|Any CPU.ActiveCfg = Release|Any CPU
		{6F995F59-A346-4B8F-AF8D-EE9F42A5A36E}.Release|Any CPU.Build.0 = Release|Any CPU
		{8BE46434-6F97-4C08-BEEA-16BCAE02DFBB}.Debug|Any CPU.ActiveCfg = Debug|Any CPU
		{8BE46434-6F97-4C08-BEEA-16BCAE02DFBB}.Debug|Any CPU.Build.0 = Debug|Any CPU
		{8BE46434-6F97-4C08-BEEA-16BCAE02DFBB}.Release|Any CPU.ActiveCfg = Release|Any CPU
		{8BE46434-6F97-4C08-BEEA-16BCAE02DFBB}.Release|Any CPU.Build.0 = Release|Any CPU
		{4EBDD8ED-2D87-4E1A-8394-9B1D5FFC517E}.Debug|Any CPU.ActiveCfg = Debug|Any CPU
		{4EBDD8ED-2D87-4E1A-8394-9B1D5FFC517E}.Debug|Any CPU.Build.0 = Debug|Any CPU
		{4EBDD8ED-2D87-4E1A-8394-9B1D5FFC517E}.Release|Any CPU.ActiveCfg = Release|Any CPU
		{4EBDD8ED-2D87-4E1A-8394-9B1D5FFC517E}.Release|Any CPU.Build.0 = Release|Any CPU
	EndGlobalSection
	GlobalSection(SolutionProperties) = preSolution
		HideSolutionNode = FALSE
	EndGlobalSection
	GlobalSection(ExtensibilityGlobals) = postSolution
		SolutionGuid = {3DBDD8F6-FD61-4E80-A542-1CA16A3F560B}
	EndGlobalSection
EndGlobal
